
Microsoft Visual Studio Solution File, Format Version 12.00
# Visual Studio 15
VisualStudioVersion = 15.0.27703.2026
MinimumVisualStudioVersion = 10.0.40219.1
Project("{FAE04EC0-301F-11D3-BF4B-00C04F79EFBC}") = "franceWeb", "franceWeb\franceWeb.csproj", "{03765E5A-EB48-4EA4-9C0A-254BB13707C7}"
EndProject
Global
	GlobalSection(SolutionConfigurationPlatforms) = preSolution
		Debug|Any CPU = Debug|Any CPU
		Release|Any CPU = Release|Any CPU
	EndGlobalSection
	GlobalSection(ProjectConfigurationPlatforms) = postSolution
		{03765E5A-EB48-4EA4-9C0A-254BB13707C7}.Debug|Any CPU.ActiveCfg = Debug|Any CPU
		{03765E5A-EB48-4EA4-9C0A-254BB13707C7}.Debug|Any CPU.Build.0 = Debug|Any CPU
		{03765E5A-EB48-4EA4-9C0A-254BB13707C7}.Release|Any CPU.ActiveCfg = Release|Any CPU
		{03765E5A-EB48-4EA4-9C0A-254BB13707C7}.Release|Any CPU.Build.0 = Release|Any CPU
	EndGlobalSection
	GlobalSection(SolutionProperties) = preSolution
		HideSolutionNode = FALSE
	EndGlobalSection
	GlobalSection(ExtensibilityGlobals) = postSolution
		SolutionGuid = {D2A84CBD-8E29-463C-926D-179B9DD6B1A9}
	EndGlobalSection
EndGlobal
